
Microsoft Visual Studio Solution File, Format Version 12.00
# Visual Studio Version 16
VisualStudioVersion = 16.0.31424.327
MinimumVisualStudioVersion = 10.0.40219.1
Project("{9A19103F-16F7-4668-BE54-9A1E7A4F7556}") = "NotesApp", "NotesApp.csproj", "{3B148B21-FC5D-499D-9AE8-0F01E0060D54}"
EndProject
Project("{9A19103F-16F7-4668-BE54-9A1E7A4F7556}") = "Persistence", "..\Persistence\Persistence.csproj", "{B3DC5801-F1C7-4250-9569-D42297F023C5}"
EndProject
Project("{9A19103F-16F7-4668-BE54-9A1E7A4F7556}") = "Domain", "..\Domain\Domain.csproj", "{8929913D-2721-4E24-9035-AAFD97695DD1}"
EndProject
Project("{9A19103F-16F7-4668-BE54-9A1E7A4F7556}") = "LearningNuget", "..\LearningNuget\LearningNuget.csproj", "{CB646D69-402A-464A-8BBD-F974DBDD6BD1}"
EndProject
Project("{FAE04EC0-301F-11D3-BF4B-00C04F79EFBC}") = "DBconn", "..\DBconn\DBconn.csproj", "{2C364723-BC6A-4ABE-B4B2-A85AF438D47A}"
EndProject
Global
	GlobalSection(SolutionConfigurationPlatforms) = preSolution
		Debug|Any CPU = Debug|Any CPU
		Release|Any CPU = Release|Any CPU
	EndGlobalSection
	GlobalSection(ProjectConfigurationPlatforms) = postSolution
		{3B148B21-FC5D-499D-9AE8-0F01E0060D54}.Debug|Any CPU.ActiveCfg = Debug|Any CPU
		{3B148B21-FC5D-499D-9AE8-0F01E0060D54}.Debug|Any CPU.Build.0 = Debug|Any CPU
		{3B148B21-FC5D-499D-9AE8-0F01E0060D54}.Release|Any CPU.ActiveCfg = Release|Any CPU
		{3B148B21-FC5D-499D-9AE8-0F01E0060D54}.Release|Any CPU.Build.0 = Release|Any CPU
		{B3DC5801-F1C7-4250-9569-D42297F023C5}.Debug|Any CPU.ActiveCfg = Debug|Any CPU
		{B3DC5801-F1C7-4250-9569-D42297F023C5}.Debug|Any CPU.Build.0 = Debug|Any CPU
		{B3DC5801-F1C7-4250-9569-D42297F023C5}.Release|Any CPU.ActiveCfg = Release|Any CPU
		{B3DC5801-F1C7-4250-9569-D42297F023C5}.Release|Any CPU.Build.0 = Release|Any CPU
		{8929913D-2721-4E24-9035-AAFD97695DD1}.Debug|Any CPU.ActiveCfg = Debug|Any CPU
		{8929913D-2721-4E24-9035-AAFD97695DD1}.Debug|Any CPU.Build.0 = Debug|Any CPU
		{8929913D-2721-4E24-9035-AAFD97695DD1}.Release|Any CPU.ActiveCfg = Release|Any CPU
		{8929913D-2721-4E24-9035-AAFD97695DD1}.Release|Any CPU.Build.0 = Release|Any CPU
		{CB646D69-402A-464A-8BBD-F974DBDD6BD1}.Debug|Any CPU.ActiveCfg = Debug|Any CPU
		{CB646D69-402A-464A-8BBD-F974DBDD6BD1}.Debug|Any CPU.Build.0 = Debug|Any CPU
		{CB646D69-402A-464A-8BBD-F974DBDD6BD1}.Release|Any CPU.ActiveCfg = Release|Any CPU
		{CB646D69-402A-464A-8BBD-F974DBDD6BD1}.Release|Any CPU.Build.0 = Release|Any CPU
		{2C364723-BC6A-4ABE-B4B2-A85AF438D47A}.Debug|Any CPU.ActiveCfg = Debug|Any CPU
		{2C364723-BC6A-4ABE-B4B2-A85AF438D47A}.Debug|Any CPU.Build.0 = Debug|Any CPU
		{2C364723-BC6A-4ABE-B4B2-A85AF438D47A}.Release|Any CPU.ActiveCfg = Release|Any CPU
		{2C364723-BC6A-4ABE-B4B2-A85AF438D47A}.Release|Any CPU.Build.0 = Release|Any CPU
	EndGlobalSection
	GlobalSection(SolutionProperties) = preSolution
		HideSolutionNode = FALSE
	EndGlobalSection
	GlobalSection(ExtensibilityGlobals) = postSolution
		SolutionGuid = {17F1563D-C1DA-4F0C-8B86-BA8C2F010A37}
	EndGlobalSection
EndGlobal
